
Microsoft Visual Studio Solution File, Format Version 12.00
# Visual Studio 2013
VisualStudioVersion = 12.0.20827.3
MinimumVisualStudioVersion = 10.0.40219.1
Project("{FAE04EC0-301F-11D3-BF4B-00C04F79EFBC}") = "_RootSite", "RootSite\_RootSite.csproj", "{DECBE6FB-1ABD-4774-99EE-683E9A3996C1}"
EndProject
Project("{FAE04EC0-301F-11D3-BF4B-00C04F79EFBC}") = "AdminArea", "AdminArea\AdminArea.csproj", "{0031A58A-169F-4FFC-BBC3-F9F53A7B581C}"
EndProject
Project("{FAE04EC0-301F-11D3-BF4B-00C04F79EFBC}") = "HrArea", "HrArea\HrArea.csproj", "{AB7FA4B2-BD0B-4B90-8E94-1C36CB13F5C3}"
EndProject
Global
	GlobalSection(SolutionConfigurationPlatforms) = preSolution
		Debug|Any CPU = Debug|Any CPU
		Release|Any CPU = Release|Any CPU
	EndGlobalSection
	GlobalSection(ProjectConfigurationPlatforms) = postSolution
		{DECBE6FB-1ABD-4774-99EE-683E9A3996C1}.Debug|Any CPU.ActiveCfg = Debug|Any CPU
		{DECBE6FB-1ABD-4774-99EE-683E9A3996C1}.Debug|Any CPU.Build.0 = Debug|Any CPU
		{DECBE6FB-1ABD-4774-99EE-683E9A3996C1}.Release|Any CPU.ActiveCfg = Release|Any CPU
		{DECBE6FB-1ABD-4774-99EE-683E9A3996C1}.Release|Any CPU.Build.0 = Release|Any CPU
		{0031A58A-169F-4FFC-BBC3-F9F53A7B581C}.Debug|Any CPU.ActiveCfg = Debug|Any CPU
		{0031A58A-169F-4FFC-BBC3-F9F53A7B581C}.Debug|Any CPU.Build.0 = Debug|Any CPU
		{0031A58A-169F-4FFC-BBC3-F9F53A7B581C}.Release|Any CPU.ActiveCfg = Release|Any CPU
		{0031A58A-169F-4FFC-BBC3-F9F53A7B581C}.Release|Any CPU.Build.0 = Release|Any CPU
		{AB7FA4B2-BD0B-4B90-8E94-1C36CB13F5C3}.Debug|Any CPU.ActiveCfg = Debug|Any CPU
		{AB7FA4B2-BD0B-4B90-8E94-1C36CB13F5C3}.Debug|Any CPU.Build.0 = Debug|Any CPU
		{AB7FA4B2-BD0B-4B90-8E94-1C36CB13F5C3}.Release|Any CPU.ActiveCfg = Release|Any CPU
		{AB7FA4B2-BD0B-4B90-8E94-1C36CB13F5C3}.Release|Any CPU.Build.0 = Release|Any CPU
	EndGlobalSection
	GlobalSection(SolutionProperties) = preSolution
		HideSolutionNode = FALSE
	EndGlobalSection
EndGlobal
