
Microsoft Visual Studio Solution File, Format Version 12.00
# Visual Studio 2012
Project("{FAE04EC0-301F-11D3-BF4B-00C04F79EFBC}") = "FileSysExcludeFiles", "FileSysExcludeFiles\FileSysExcludeFiles.csproj", "{DE6ACAE3-F340-472A-8EF7-EF5DC9952D2D}"
EndProject
Global
	GlobalSection(SolutionConfigurationPlatforms) = preSolution
		Debug|Any CPU = Debug|Any CPU
		Release|Any CPU = Release|Any CPU
	EndGlobalSection
	GlobalSection(ProjectConfigurationPlatforms) = postSolution
		{DE6ACAE3-F340-472A-8EF7-EF5DC9952D2D}.Debug|Any CPU.ActiveCfg = Debug|Any CPU
		{DE6ACAE3-F340-472A-8EF7-EF5DC9952D2D}.Debug|Any CPU.Build.0 = Debug|Any CPU
		{DE6ACAE3-F340-472A-8EF7-EF5DC9952D2D}.Release|Any CPU.ActiveCfg = Release|Any CPU
		{DE6ACAE3-F340-472A-8EF7-EF5DC9952D2D}.Release|Any CPU.Build.0 = Release|Any CPU
	EndGlobalSection
	GlobalSection(SolutionProperties) = preSolution
		HideSolutionNode = FALSE
	EndGlobalSection
EndGlobal
