
Microsoft Visual Studio Solution File, Format Version 12.00
# Visual Studio 2013
VisualStudioVersion = 12.0.20827.3
MinimumVisualStudioVersion = 10.0.40219.1
Project("{FAE04EC0-301F-11D3-BF4B-00C04F79EFBC}") = "MySite", "MySite\MySite.csproj", "{AE97D1FD-82EE-40F7-BAEA-8A246E793C41}"
EndProject
Project("{2150E333-8FDC-42A3-9474-1A3956D46DE8}") = "build", "build", "{D488A7AD-7FA7-4CBF-A991-7100E4B1CB6A}"
	ProjectSection(SolutionItems) = preProject
		build\publish.proj = build\publish.proj
	EndProjectSection
EndProject
Global
	GlobalSection(SolutionConfigurationPlatforms) = preSolution
		Debug|Any CPU = Debug|Any CPU
		Release|Any CPU = Release|Any CPU
	EndGlobalSection
	GlobalSection(ProjectConfigurationPlatforms) = postSolution
		{AE97D1FD-82EE-40F7-BAEA-8A246E793C41}.Debug|Any CPU.ActiveCfg = Debug|Any CPU
		{AE97D1FD-82EE-40F7-BAEA-8A246E793C41}.Debug|Any CPU.Build.0 = Debug|Any CPU
		{AE97D1FD-82EE-40F7-BAEA-8A246E793C41}.Release|Any CPU.ActiveCfg = Release|Any CPU
		{AE97D1FD-82EE-40F7-BAEA-8A246E793C41}.Release|Any CPU.Build.0 = Release|Any CPU
	EndGlobalSection
	GlobalSection(SolutionProperties) = preSolution
		HideSolutionNode = FALSE
	EndGlobalSection
EndGlobal
